
Microsoft Visual Studio Solution File, Format Version 12.00
# Visual Studio 15
VisualStudioVersion = 15.0.28307.421
MinimumVisualStudioVersion = 10.0.40219.1
Project("{FAE04EC0-301F-11D3-BF4B-00C04F79EFBC}") = "NetShield", "NetShield\NetShield.csproj", "{3C65E283-6D77-4ED2-89A3-128469132B28}"
EndProject
Global
	GlobalSection(SolutionConfigurationPlatforms) = preSolution
		Debug|Any CPU = Debug|Any CPU
		Release|Any CPU = Release|Any CPU
	EndGlobalSection
	GlobalSection(ProjectConfigurationPlatforms) = postSolution
		{3C65E283-6D77-4ED2-89A3-128469132B28}.Debug|Any CPU.ActiveCfg = Debug|Any CPU
		{3C65E283-6D77-4ED2-89A3-128469132B28}.Debug|Any CPU.Build.0 = Debug|Any CPU
		{3C65E283-6D77-4ED2-89A3-128469132B28}.Release|Any CPU.ActiveCfg = Release|Any CPU
		{3C65E283-6D77-4ED2-89A3-128469132B28}.Release|Any CPU.Build.0 = Release|Any CPU
	EndGlobalSection
	GlobalSection(SolutionProperties) = preSolution
		HideSolutionNode = FALSE
	EndGlobalSection
	GlobalSection(ExtensibilityGlobals) = postSolution
		SolutionGuid = {C3D9DB7D-3C8B-4769-BBA7-E281C5813601}
	EndGlobalSection
EndGlobal
